
Microsoft Visual Studio Solution File, Format Version 12.00
# Visual Studio Version 16
VisualStudioVersion = 16.0.31205.134
MinimumVisualStudioVersion = 10.0.40219.1
Project("{FAE04EC0-301F-11D3-BF4B-00C04F79EFBC}") = "sqlBackup", "sqlBackup\sqlBackup.csproj", "{849A4FBF-19E2-481D-BABF-831C15045F2B}"
EndProject
Global
	GlobalSection(SolutionConfigurationPlatforms) = preSolution
		Debug|Any CPU = Debug|Any CPU
		Release|Any CPU = Release|Any CPU
	EndGlobalSection
	GlobalSection(ProjectConfigurationPlatforms) = postSolution
		{849A4FBF-19E2-481D-BABF-831C15045F2B}.Debug|Any CPU.ActiveCfg = Debug|Any CPU
		{849A4FBF-19E2-481D-BABF-831C15045F2B}.Debug|Any CPU.Build.0 = Debug|Any CPU
		{849A4FBF-19E2-481D-BABF-831C15045F2B}.Release|Any CPU.ActiveCfg = Release|Any CPU
		{849A4FBF-19E2-481D-BABF-831C15045F2B}.Release|Any CPU.Build.0 = Release|Any CPU
	EndGlobalSection
	GlobalSection(SolutionProperties) = preSolution
		HideSolutionNode = FALSE
	EndGlobalSection
	GlobalSection(ExtensibilityGlobals) = postSolution
		SolutionGuid = {4E47FA2F-7408-41C7-BE42-9A9DD4EB492C}
	EndGlobalSection
EndGlobal
